
Microsoft Visual Studio Solution File, Format Version 12.00
# Visual Studio Version 16
VisualStudioVersion = 16.0.30128.74
MinimumVisualStudioVersion = 10.0.40219.1
Project("{FAE04EC0-301F-11D3-BF4B-00C04F79EFBC}") = "PrimeNumbers", "PrimeNumbers\PrimeNumbers.csproj", "{B5B04C4A-3CC3-466E-BE11-CCBAA100CDBE}"
EndProject
Project("{FAE04EC0-301F-11D3-BF4B-00C04F79EFBC}") = "PrimeNumberTest", "PrimeNumberTest\PrimeNumberTest.csproj", "{2837E110-0C6B-4B15-97AA-DBA5E46ED7B6}"
EndProject
Global
	GlobalSection(SolutionConfigurationPlatforms) = preSolution
		Debug|Any CPU = Debug|Any CPU
		Release|Any CPU = Release|Any CPU
	EndGlobalSection
	GlobalSection(ProjectConfigurationPlatforms) = postSolution
		{B5B04C4A-3CC3-466E-BE11-CCBAA100CDBE}.Debug|Any CPU.ActiveCfg = Debug|Any CPU
		{B5B04C4A-3CC3-466E-BE11-CCBAA100CDBE}.Debug|Any CPU.Build.0 = Debug|Any CPU
		{B5B04C4A-3CC3-466E-BE11-CCBAA100CDBE}.Release|Any CPU.ActiveCfg = Release|Any CPU
		{B5B04C4A-3CC3-466E-BE11-CCBAA100CDBE}.Release|Any CPU.Build.0 = Release|Any CPU
		{2837E110-0C6B-4B15-97AA-DBA5E46ED7B6}.Debug|Any CPU.ActiveCfg = Debug|Any CPU
		{2837E110-0C6B-4B15-97AA-DBA5E46ED7B6}.Debug|Any CPU.Build.0 = Debug|Any CPU
		{2837E110-0C6B-4B15-97AA-DBA5E46ED7B6}.Release|Any CPU.ActiveCfg = Release|Any CPU
		{2837E110-0C6B-4B15-97AA-DBA5E46ED7B6}.Release|Any CPU.Build.0 = Release|Any CPU
	EndGlobalSection
	GlobalSection(SolutionProperties) = preSolution
		HideSolutionNode = FALSE
	EndGlobalSection
	GlobalSection(ExtensibilityGlobals) = postSolution
		SolutionGuid = {EF0F7F20-AA75-4465-9EEA-B97E66BED3C2}
	EndGlobalSection
EndGlobal
